{
  "name": "@bx-h/meta-flow",
  "version": "0.1.11",
  "lockfileVersion": 3,
  "requires": true,
  "packages": {
    "": {
      "name": "@bx-h/meta-flow",
      "version": "0.1.11",
      "license": "MIT",
      "bin": {
        "meta-flow": "bin/meta-flow.js",
        "metaflow": "bin/meta-flow.js"
      },
      "engines": {
        "node": ">=20"
      }
    }
  }
}
